// !$*UTF8*$!
{
	archiveVersion = 1;
	classes = {
	};
	objectVersion = 55;
	objects = {

/* Begin PBXBuildFile section */
		87800BA728D0F595001E4F98 /* TabBarViewController.swift in Sources */ = {isa = PBXBuildFile; fileRef = 87800BA628D0F595001E4F98 /* TabBarViewController.swift */; };
		87ECB4FA28BF4D2C00036998 /* PersonListViewController.swift in Sources */ = {isa = PBXBuildFile; fileRef = 87ECB4F928BF4D2C00036998 /* PersonListViewController.swift */; };
		87ECB4FC28BF4FBA00036998 /* Person.swift in Sources */ = {isa = PBXBuildFile; fileRef = 87ECB4FB28BF4FBA00036998 /* Person.swift */; };
		87ECB4FE28BF542F00036998 /* DataManager.swift in Sources */ = {isa = PBXBuildFile; fileRef = 87ECB4FD28BF542F00036998 /* DataManager.swift */; };
		87ECB50028BF5A7E00036998 /* InfoOnePersonViewController.swift in Sources */ = {isa = PBXBuildFile; fileRef = 87ECB4FF28BF5A7E00036998 /* InfoOnePersonViewController.swift */; };
		87ECB50628BF8E7600036998 /* FullInformationViewController.swift in Sources */ = {isa = PBXBuildFile; fileRef = 87ECB50528BF8E7600036998 /* FullInformationViewController.swift */; };
		87F1888A288F0BB100F06180 /* AppDelegate.swift in Sources */ = {isa = PBXBuildFile; fileRef = 87F18889288F0BB100F06180 /* AppDelegate.swift */; };
		87F1888C288F0BB100F06180 /* SceneDelegate.swift in Sources */ = {isa = PBXBuildFile; fileRef = 87F1888B288F0BB100F06180 /* SceneDelegate.swift */; };
		87F18891288F0BB100F06180 /* Main.storyboard in Resources */ = {isa = PBXBuildFile; fileRef = 87F1888F288F0BB100F06180 /* Main.storyboard */; };
		87F18893288F0BB200F06180 /* Assets.xcassets in Resources */ = {isa = PBXBuildFile; fileRef = 87F18892288F0BB200F06180 /* Assets.xcassets */; };
		87F18896288F0BB200F06180 /* LaunchScreen.storyboard in Resources */ = {isa = PBXBuildFile; fileRef = 87F18894288F0BB200F06180 /* LaunchScreen.storyboard */; };
/* End PBXBuildFile section */

/* Begin PBXFileReference section */
		87800BA628D0F595001E4F98 /* TabBarViewController.swift */ = {isa = PBXFileReference; lastKnownFileType = sourcecode.swift; path = TabBarViewController.swift; sourceTree = "<group>"; };
		87ECB4F928BF4D2C00036998 /* PersonListViewController.swift */ = {isa = PBXFileReference; lastKnownFileType = sourcecode.swift; path = PersonListViewController.swift; sourceTree = "<group>"; };
		87ECB4FB28BF4FBA00036998 /* Person.swift */ = {isa = PBXFileReference; lastKnownFileType = sourcecode.swift; path = Person.swift; sourceTree = "<group>"; };
		87ECB4FD28BF542F00036998 /* DataManager.swift */ = {isa = PBXFileReference; lastKnownFileType = sourcecode.swift; path = DataManager.swift; sourceTree = "<group>"; };
		87ECB4FF28BF5A7E00036998 /* InfoOnePersonViewController.swift */ = {isa = PBXFileReference; lastKnownFileType = sourcecode.swift; path = InfoOnePersonViewController.swift; sourceTree = "<group>"; };
		87ECB50528BF8E7600036998 /* FullInformationViewController.swift */ = {isa = PBXFileReference; lastKnownFileType = sourcecode.swift; path = FullInformationViewController.swift; sourceTree = "<group>"; };
		87F18886288F0BB100F06180 /* HelloWorldApp.app */ = {isa = PBXFileReference; explicitFileType = wrapper.application; includeInIndex = 0; path = HelloWorldApp.app; sourceTree = BUILT_PRODUCTS_DIR; };
		87F18889288F0BB100F06180 /* AppDelegate.swift */ = {isa = PBXFileReference; lastKnownFileType = sourcecode.swift; path = AppDelegate.swift; sourceTree = "<group>"; };
		87F1888B288F0BB100F06180 /* SceneDelegate.swift */ = {isa = PBXFileReference; lastKnownFileType = sourcecode.swift; path = SceneDelegate.swift; sourceTree = "<group>"; };
		87F18890288F0BB100F06180 /* Base */ = {isa = PBXFileReference; lastKnownFileType = file.storyboard; name = Base; path = Base.lproj/Main.storyboard; sourceTree = "<group>"; };
		87F18892288F0BB200F06180 /* Assets.xcassets */ = {isa = PBXFileReference; lastKnownFileType = folder.assetcatalog; path = Assets.xcassets; sourceTree = "<group>"; };
		87F18895288F0BB200F06180 /* Base */ = {isa = PBXFileReference; lastKnownFileType = file.storyboard; name = Base; path = Base.lproj/LaunchScreen.storyboard; sourceTree = "<group>"; };
		87F18897288F0BB200F06180 /* Info.plist */ = {isa = PBXFileReference; lastKnownFileType = text.plist.xml; path = Info.plist; sourceTree = "<group>"; };
/* End PBXFileReference section */

/* Begin PBXFrameworksBuildPhase section */
		87F18883288F0BB100F06180 /* Frameworks */ = {
			isa = PBXFrameworksBuildPhase;
			buildActionMask = 2147483647;
			files = (
			);
			runOnlyForDeploymentPostprocessing = 0;
		};
/* End PBXFrameworksBuildPhase section */

/* Begin PBXGroup section */
		87800BA328D0E826001E4F98 /* Services */ = {
			isa = PBXGroup;
			children = (
				87ECB4FD28BF542F00036998 /* DataManager.swift */,
			);
			path = Services;
			sourceTree = "<group>";
		};
		87800BA828D106C8001E4F98 /* Resourses */ = {
			isa = PBXGroup;
			children = (
				87F18892288F0BB200F06180 /* Assets.xcassets */,
			);
			path = Resourses;
			sourceTree = "<group>";
		};
		87ECB50128BF8C3400036998 /* Delegate */ = {
			isa = PBXGroup;
			children = (
				87F18889288F0BB100F06180 /* AppDelegate.swift */,
				87F1888B288F0BB100F06180 /* SceneDelegate.swift */,
			);
			path = Delegate;
			sourceTree = "<group>";
		};
		87ECB50228BF8C4000036998 /* Storyboards */ = {
			isa = PBXGroup;
			children = (
				87F1888F288F0BB100F06180 /* Main.storyboard */,
				87F18894288F0BB200F06180 /* LaunchScreen.storyboard */,
			);
			path = Storyboards;
			sourceTree = "<group>";
		};
		87ECB50328BF8C4E00036998 /* ViewControllers */ = {
			isa = PBXGroup;
			children = (
				87ECB4F928BF4D2C00036998 /* PersonListViewController.swift */,
				87ECB50528BF8E7600036998 /* FullInformationViewController.swift */,
				87800BA628D0F595001E4F98 /* TabBarViewController.swift */,
				87ECB4FF28BF5A7E00036998 /* InfoOnePersonViewController.swift */,
			);
			path = ViewControllers;
			sourceTree = "<group>";
		};
		87ECB50428BF8C5E00036998 /* Models */ = {
			isa = PBXGroup;
			children = (
				87ECB4FB28BF4FBA00036998 /* Person.swift */,
			);
			path = Models;
			sourceTree = "<group>";
		};
		87F1887D288F0BB100F06180 = {
			isa = PBXGroup;
			children = (
				87F18888288F0BB100F06180 /* HelloWorldApp */,
				87F18887288F0BB100F06180 /* Products */,
			);
			sourceTree = "<group>";
		};
		87F18887288F0BB100F06180 /* Products */ = {
			isa = PBXGroup;
			children = (
				87F18886288F0BB100F06180 /* HelloWorldApp.app */,
			);
			name = Products;
			sourceTree = "<group>";
		};
		87F18888288F0BB100F06180 /* HelloWorldApp */ = {
			isa = PBXGroup;
			children = (
				87ECB50128BF8C3400036998 /* Delegate */,
				87ECB50228BF8C4000036998 /* Storyboards */,
				87ECB50328BF8C4E00036998 /* ViewControllers */,
				87ECB50428BF8C5E00036998 /* Models */,
				87800BA328D0E826001E4F98 /* Services */,
				87800BA828D106C8001E4F98 /* Resourses */,
				87F18897288F0BB200F06180 /* Info.plist */,
			);
			path = HelloWorldApp;
			sourceTree = "<group>";
		};
/* End PBXGroup section */

/* Begin PBXNativeTarget section */
		87F18885288F0BB100F06180 /* HelloWorldApp */ = {
			isa = PBXNativeTarget;
			buildConfigurationList = 87F1889A288F0BB200F06180 /* Build configuration list for PBXNativeTarget "HelloWorldApp" */;
			buildPhases = (
				87F18882288F0BB100F06180 /* Sources */,
				87F18883288F0BB100F06180 /* Frameworks */,
				87F18884288F0BB100F06180 /* Resources */,
			);
			buildRules = (
			);
			dependencies = (
			);
			name = HelloWorldApp;
			productName = HelloWorldApp;
			productReference = 87F18886288F0BB100F06180 /* HelloWorldApp.app */;
			productType = "com.apple.product-type.application";
		};
/* End PBXNativeTarget section */

/* Begin PBXProject section */
		87F1887E288F0BB100F06180 /* Project object */ = {
			isa = PBXProject;
			attributes = {
				BuildIndependentTargetsInParallel = 1;
				LastSwiftUpdateCheck = 1340;
				LastUpgradeCheck = 1340;
				TargetAttributes = {
					87F18885288F0BB100F06180 = {
						CreatedOnToolsVersion = 13.4.1;
					};
				};
			};
			buildConfigurationList = 87F18881288F0BB100F06180 /* Build configuration list for PBXProject "HelloWorldApp" */;
			compatibilityVersion = "Xcode 13.0";
			developmentRegion = en;
			hasScannedForEncodings = 0;
			knownRegions = (
				en,
				Base,
			);
			mainGroup = 87F1887D288F0BB100F06180;
			productRefGroup = 87F18887288F0BB100F06180 /* Products */;
			projectDirPath = "";
			projectRoot = "";
			targets = (
				87F18885288F0BB100F06180 /* HelloWorldApp */,
			);
		};
/* End PBXProject section */

/* Begin PBXResourcesBuildPhase section */
		87F18884288F0BB100F06180 /* Resources */ = {
			isa = PBXResourcesBuildPhase;
			buildActionMask = 2147483647;
			files = (
				87F18896288F0BB200F06180 /* LaunchScreen.storyboard in Resources */,
				87F18893288F0BB200F06180 /* Assets.xcassets in Resources */,
				87F18891288F0BB100F06180 /* Main.storyboard in Resources */,
			);
			runOnlyForDeploymentPostprocessing = 0;
		};
/* End PBXResourcesBuildPhase section */

/* Begin PBXSourcesBuildPhase section */
		87F18882288F0BB100F06180 /* Sources */ = {
			isa = PBXSourcesBuildPhase;
			buildActionMask = 2147483647;
			files = (
				87800BA728D0F595001E4F98 /* TabBarViewController.swift in Sources */,
				87ECB50028BF5A7E00036998 /* InfoOnePersonViewController.swift in Sources */,
				87ECB4FA28BF4D2C00036998 /* PersonListViewController.swift in Sources */,
				87ECB4FE28BF542F00036998 /* DataManager.swift in Sources */,
				87ECB50628BF8E7600036998 /* FullInformationViewController.swift in Sources */,
				87F1888A288F0BB100F06180 /* AppDelegate.swift in Sources */,
				87ECB4FC28BF4FBA00036998 /* Person.swift in Sources */,
				87F1888C288F0BB100F06180 /* SceneDelegate.swift in Sources */,
			);
			runOnlyForDeploymentPostprocessing = 0;
		};
/* End PBXSourcesBuildPhase section */

/* Begin PBXVariantGroup section */
		87F1888F288F0BB100F06180 /* Main.storyboard */ = {
			isa = PBXVariantGroup;
			children = (
				87F18890288F0BB100F06180 /* Base */,
			);
			name = Main.storyboard;
			sourceTree = "<group>";
		};
		87F18894288F0BB200F06180 /* LaunchScreen.storyboard */ = {
			isa = PBXVariantGroup;
			children = (
				87F18895288F0BB200F06180 /* Base */,
			);
			name = LaunchScreen.storyboard;
			sourceTree = "<group>";
		};
/* End PBXVariantGroup section */

/* Begin XCBuildConfiguration section */
		87F18898288F0BB200F06180 /* Debug */ = {
			isa = XCBuildConfiguration;
			buildSettings = {
				ALWAYS_SEARCH_USER_PATHS = NO;
				CLANG_ANALYZER_NONNULL = YES;
				CLANG_ANALYZER_NUMBER_OBJECT_CONVERSION = YES_AGGRESSIVE;
				CLANG_CXX_LANGUAGE_STANDARD = "gnu++17";
				CLANG_ENABLE_MODULES = YES;
				CLANG_ENABLE_OBJC_ARC = YES;
				CLANG_ENABLE_OBJC_WEAK = YES;
				CLANG_WARN_BLOCK_CAPTURE_AUTORELEASING = YES;
				CLANG_WARN_BOOL_CONVERSION = YES;
				CLANG_WARN_COMMA = YES;
				CLANG_WARN_CONSTANT_CONVERSION = YES;
				CLANG_WARN_DEPRECATED_OBJC_IMPLEMENTATIONS = YES;
				CLANG_WARN_DIRECT_OBJC_ISA_USAGE = YES_ERROR;
				CLANG_WARN_DOCUMENTATION_COMMENTS = YES;
				CLANG_WARN_EMPTY_BODY = YES;
				CLANG_WARN_ENUM_CONVERSION = YES;
				CLANG_WARN_INFINITE_RECURSION = YES;
				CLANG_WARN_INT_CONVERSION = YES;
				CLANG_WARN_NON_LITERAL_NULL_CONVERSION = YES;
				CLANG_WARN_OBJC_IMPLICIT_RETAIN_SELF = YES;
				CLANG_WARN_OBJC_LITERAL_CONVERSION = YES;
				CLANG_WARN_OBJC_ROOT_CLASS = YES_ERROR;
				CLANG_WARN_QUOTED_INCLUDE_IN_FRAMEWORK_HEADER = YES;
				CLANG_WARN_RANGE_LOOP_ANALYSIS = YES;
				CLANG_WARN_STRICT_PROTOTYPES = YES;
				CLANG_WARN_SUSPICIOUS_MOVE = YES;
				CLANG_WARN_UNGUARDED_AVAILABILITY = YES_AGGRESSIVE;
				CLANG_WARN_UNREACHABLE_CODE = YES;
				CLANG_WARN__DUPLICATE_METHOD_MATCH = YES;
				COPY_PHASE_STRIP = NO;
				DEBUG_INFORMATION_FORMAT = dwarf;
				ENABLE_STRICT_OBJC_MSGSEND = YES;
				ENABLE_TESTABILITY = YES;
				GCC_C_LANGUAGE_STANDARD = gnu11;
				GCC_DYNAMIC_NO_PIC = NO;
				GCC_NO_COMMON_BLOCKS = YES;
				GCC_OPTIMIZATION_LEVEL = 0;
				GCC_PREPROCESSOR_DEFINITIONS = (
					"DEBUG=1",
					"$(inherited)",
				);
				GCC_WARN_64_TO_32_BIT_CONVERSION = YES;
				GCC_WARN_ABOUT_RETURN_TYPE = YES_ERROR;
				GCC_WARN_UNDECLARED_SELECTOR = YES;
				GCC_WARN_UNINITIALIZED_AUTOS = YES_AGGRESSIVE;
				GCC_WARN_UNUSED_FUNCTION = YES;
				GCC_WARN_UNUSED_VARIABLE = YES;
				IPHONEOS_DEPLOYMENT_TARGET = 15.5;
				MTL_ENABLE_DEBUG_INFO = INCLUDE_SOURCE;
				MTL_FAST_MATH = YES;
				ONLY_ACTIVE_ARCH = YES;
				SDKROOT = iphoneos;
				SWIFT_ACTIVE_COMPILATION_CONDITIONS = DEBUG;
				SWIFT_OPTIMIZATION_LEVEL = "-Onone";
			};
			name = Debug;
		};
		87F18899288F0BB200F06180 /* Release */ = {
			isa = XCBuildConfiguration;
			buildSettings = {
				ALWAYS_SEARCH_USER_PATHS = NO;
				CLANG_ANALYZER_NONNULL = YES;
				CLANG_ANALYZER_NUMBER_OBJECT_CONVERSION = YES_AGGRESSIVE;
				CLANG_CXX_LANGUAGE_STANDARD = "gnu++17";
				CLANG_ENABLE_MODULES = YES;
				CLANG_ENABLE_OBJC_ARC = YES;
				CLANG_ENABLE_OBJC_WEAK = YES;
				CLANG_WARN_BLOCK_CAPTURE_AUTORELEASING = YES;
				CLANG_WARN_BOOL_CONVERSION = YES;
				CLANG_WARN_COMMA = YES;
				CLANG_WARN_CONSTANT_CONVERSION = YES;
				CLANG_WARN_DEPRECATED_OBJC_IMPLEMENTATIONS = YES;
				CLANG_WARN_DIRECT_OBJC_ISA_USAGE = YES_ERROR;
				CLANG_WARN_DOCUMENTATION_COMMENTS = YES;
				CLANG_WARN_EMPTY_BODY = YES;
				CLANG_WARN_ENUM_CONVERSION = YES;
				CLANG_WARN_INFINITE_RECURSION = YES;
				CLANG_WARN_INT_CONVERSION = YES;
				CLANG_WARN_NON_LITERAL_NULL_CONVERSION = YES;
				CLANG_WARN_OBJC_IMPLICIT_RETAIN_SELF = YES;
				CLANG_WARN_OBJC_LITERAL_CONVERSION = YES;
				CLANG_WARN_OBJC_ROOT_CLASS = YES_ERROR;
				CLANG_WARN_QUOTED_INCLUDE_IN_FRAMEWORK_HEADER = YES;
				CLANG_WARN_RANGE_LOOP_ANALYSIS = YES;
				CLANG_WARN_STRICT_PROTOTYPES = YES;
				CLANG_WARN_SUSPICIOUS_MOVE = YES;
				CLANG_WARN_UNGUARDED_AVAILABILITY = YES_AGGRESSIVE;
				CLANG_WARN_UNREACHABLE_CODE = YES;
				CLANG_WARN__DUPLICATE_METHOD_MATCH = YES;
				COPY_PHASE_STRIP = NO;
				DEBUG_INFORMATION_FORMAT = "dwarf-with-dsym";
				ENABLE_NS_ASSERTIONS = NO;
				ENABLE_STRICT_OBJC_MSGSEND = YES;
				GCC_C_LANGUAGE_STANDARD = gnu11;
				GCC_NO_COMMON_BLOCKS = YES;
				GCC_WARN_64_TO_32_BIT_CONVERSION = YES;
				GCC_WARN_ABOUT_RETURN_TYPE = YES_ERROR;
				GCC_WARN_UNDECLARED_SELECTOR = YES;
				GCC_WARN_UNINITIALIZED_AUTOS = YES_AGGRESSIVE;
				GCC_WARN_UNUSED_FUNCTION = YES;
				GCC_WARN_UNUSED_VARIABLE = YES;
				IPHONEOS_DEPLOYMENT_TARGET = 15.5;
				MTL_ENABLE_DEBUG_INFO = NO;
				MTL_FAST_MATH = YES;
				SDKROOT = iphoneos;
				SWIFT_COMPILATION_MODE = wholemodule;
				SWIFT_OPTIMIZATION_LEVEL = "-O";
				VALIDATE_PRODUCT = YES;
			};
			name = Release;
		};
		87F1889B288F0BB200F06180 /* Debug */ = {
			isa = XCBuildConfiguration;
			buildSettings = {
				ASSETCATALOG_COMPILER_APPICON_NAME = AppIcon;
				ASSETCATALOG_COMPILER_GLOBAL_ACCENT_COLOR_NAME = AccentColor;
				CODE_SIGN_STYLE = Automatic;
				CURRENT_PROJECT_VERSION = 1;
				DEVELOPMENT_TEAM = S5QF774VV5;
				GENERATE_INFOPLIST_FILE = YES;
				INFOPLIST_FILE = HelloWorldApp/Info.plist;
				INFOPLIST_KEY_UIApplicationSupportsIndirectInputEvents = YES;
				INFOPLIST_KEY_UILaunchStoryboardName = LaunchScreen;
				INFOPLIST_KEY_UIMainStoryboardFile = Main;
				INFOPLIST_KEY_UISupportedInterfaceOrientations = UIInterfaceOrientationPortrait;
				INFOPLIST_KEY_UISupportedInterfaceOrientations_iPad = "UIInterfaceOrientationPortrait UIInterfaceOrientationPortraitUpsideDown UIInterfaceOrientationLandscapeLeft UIInterfaceOrientationLandscapeRight";
				INFOPLIST_KEY_UISupportedInterfaceOrientations_iPhone = "UIInterfaceOrientationPortrait UIInterfaceOrientationLandscapeLeft UIInterfaceOrientationLandscapeRight";
				IPHONEOS_DEPLOYMENT_TARGET = 15.4;
				LD_RUNPATH_SEARCH_PATHS = (
					"$(inherited)",
					"@executable_path/Frameworks",
				);
				MARKETING_VERSION = 1.0.0;
				PRODUCT_BUNDLE_IDENTIFIER = ru.SwiftBook.HelloWorldApp;
				PRODUCT_NAME = "$(TARGET_NAME)";
				SWIFT_EMIT_LOC_STRINGS = YES;
				SWIFT_VERSION = 5.0;
				TARGETED_DEVICE_FAMILY = 1;
			};
			name = Debug;
		};
		87F1889C288F0BB200F06180 /* Release */ = {
			isa = XCBuildConfiguration;
			buildSettings = {
				ASSETCATALOG_COMPILER_APPICON_NAME = AppIcon;
				ASSETCATALOG_COMPILER_GLOBAL_ACCENT_COLOR_NAME = AccentColor;
				CODE_SIGN_STYLE = Automatic;
				CURRENT_PROJECT_VERSION = 1;
				DEVELOPMENT_TEAM = S5QF774VV5;
				GENERATE_INFOPLIST_FILE = YES;
				INFOPLIST_FILE = HelloWorldApp/Info.plist;
				INFOPLIST_KEY_UIApplicationSupportsIndirectInputEvents = YES;
				INFOPLIST_KEY_UILaunchStoryboardName = LaunchScreen;
				INFOPLIST_KEY_UIMainStoryboardFile = Main;
				INFOPLIST_KEY_UISupportedInterfaceOrientations = UIInterfaceOrientationPortrait;
				INFOPLIST_KEY_UISupportedInterfaceOrientations_iPad = "UIInterfaceOrientationPortrait UIInterfaceOrientationPortraitUpsideDown UIInterfaceOrientationLandscapeLeft UIInterfaceOrientationLandscapeRight";
				INFOPLIST_KEY_UISupportedInterfaceOrientations_iPhone = "UIInterfaceOrientationPortrait UIInterfaceOrientationLandscapeLeft UIInterfaceOrientationLandscapeRight";
				IPHONEOS_DEPLOYMENT_TARGET = 15.4;
				LD_RUNPATH_SEARCH_PATHS = (
					"$(inherited)",
					"@executable_path/Frameworks",
				);
				MARKETING_VERSION = 1.0.0;
				PRODUCT_BUNDLE_IDENTIFIER = ru.SwiftBook.HelloWorldApp;
				PRODUCT_NAME = "$(TARGET_NAME)";
				SWIFT_EMIT_LOC_STRINGS = YES;
				SWIFT_VERSION = 5.0;
				TARGETED_DEVICE_FAMILY = 1;
			};
			name = Release;
		};
/* End XCBuildConfiguration section */

/* Begin XCConfigurationList section */
		87F18881288F0BB100F06180 /* Build configuration list for PBXProject "HelloWorldApp" */ = {
			isa = XCConfigurationList;
			buildConfigurations = (
				87F18898288F0BB200F06180 /* Debug */,
				87F18899288F0BB200F06180 /* Release */,
			);
			defaultConfigurationIsVisible = 0;
			defaultConfigurationName = Release;
		};
		87F1889A288F0BB200F06180 /* Build configuration list for PBXNativeTarget "HelloWorldApp" */ = {
			isa = XCConfigurationList;
			buildConfigurations = (
				87F1889B288F0BB200F06180 /* Debug */,
				87F1889C288F0BB200F06180 /* Release */,
			);
			defaultConfigurationIsVisible = 0;
			defaultConfigurationName = Release;
		};
/* End XCConfigurationList section */
	};
	rootObject = 87F1887E288F0BB100F06180 /* Project object */;
}
